
Microsoft Visual Studio Solution File, Format Version 12.00
# Visual Studio Version 16
VisualStudioVersion = 16.0.29709.97
MinimumVisualStudioVersion = 10.0.40219.1
Project("{9A19103F-16F7-4668-BE54-9A1E7A4F7556}") = "NewsAggregator", "NewsAggregator\NewsAggregator.csproj", "{6EBAC610-FCA6-424C-A5B8-502BC8F8B59E}"
EndProject
Project("{FAE04EC0-301F-11D3-BF4B-00C04F79EFBC}") = "NewsAggregator.Tests", "NewsAggregator.Tests\NewsAggregator.Tests.csproj", "{B67AD9E7-7DA5-4C76-9C11-42966EA9CA60}"
EndProject
Global
	GlobalSection(SolutionConfigurationPlatforms) = preSolution
		Debug|Any CPU = Debug|Any CPU
		Release|Any CPU = Release|Any CPU
	EndGlobalSection
	GlobalSection(ProjectConfigurationPlatforms) = postSolution
		{6EBAC610-FCA6-424C-A5B8-502BC8F8B59E}.Debug|Any CPU.ActiveCfg = Debug|Any CPU
		{6EBAC610-FCA6-424C-A5B8-502BC8F8B59E}.Debug|Any CPU.Build.0 = Debug|Any CPU
		{6EBAC610-FCA6-424C-A5B8-502BC8F8B59E}.Release|Any CPU.ActiveCfg = Release|Any CPU
		{6EBAC610-FCA6-424C-A5B8-502BC8F8B59E}.Release|Any CPU.Build.0 = Release|Any CPU
		{B67AD9E7-7DA5-4C76-9C11-42966EA9CA60}.Debug|Any CPU.ActiveCfg = Debug|Any CPU
		{B67AD9E7-7DA5-4C76-9C11-42966EA9CA60}.Debug|Any CPU.Build.0 = Debug|Any CPU
		{B67AD9E7-7DA5-4C76-9C11-42966EA9CA60}.Release|Any CPU.ActiveCfg = Release|Any CPU
		{B67AD9E7-7DA5-4C76-9C11-42966EA9CA60}.Release|Any CPU.Build.0 = Release|Any CPU
	EndGlobalSection
	GlobalSection(SolutionProperties) = preSolution
		HideSolutionNode = FALSE
	EndGlobalSection
	GlobalSection(ExtensibilityGlobals) = postSolution
		SolutionGuid = {4B56ACA9-E22E-44E6-9319-99F16930E4F7}
	EndGlobalSection
EndGlobal
