
Microsoft Visual Studio Solution File, Format Version 12.00
# Visual Studio Version 16
VisualStudioVersion = 16.0.29709.97
MinimumVisualStudioVersion = 10.0.40219.1
Project("{9A19103F-16F7-4668-BE54-9A1E7A4F7556}") = "NewsAggregator", "Aggregator\NewsAggregator\NewsAggregator.csproj", "{A266BCE4-D450-462A-8176-9F40FAA5AE9F}"
EndProject
Project("{9A19103F-16F7-4668-BE54-9A1E7A4F7556}") = "NewsAggregator.Application", "Aggregator\NewsAggregator.Application\NewsAggregator.Application.csproj", "{21AAD534-8106-4A4E-8EC4-593CF354D87C}"
EndProject
Project("{9A19103F-16F7-4668-BE54-9A1E7A4F7556}") = "NewsAggregator.Domain", "Aggregator\NewsAggregator.Domain\NewsAggregator.Domain.csproj", "{A765D43A-1293-4322-8586-1E6F853CD818}"
EndProject
Project("{9A19103F-16F7-4668-BE54-9A1E7A4F7556}") = "NewsAggregator.Infrastructure", "Aggregator\NewsAggregator.Infrastructure\NewsAggregator.Infrastructure.csproj", "{E1729118-86AA-4368-8EF9-117B8F2A141B}"
EndProject
Project("{9A19103F-16F7-4668-BE54-9A1E7A4F7556}") = "NewsAggregator.Tests", "Aggregator\NewsAggregator.Tests\NewsAggregator.Tests.csproj", "{DC9B45F7-D2E2-4D17-A78A-0A2C4CE1EFA9}"
EndProject
Project("{2150E333-8FDC-42A3-9474-1A3956D46DE8}") = "Aggregator", "Aggregator", "{768CBA79-C202-4BF7-A515-0D2E08C5A051}"
EndProject
Project("{2150E333-8FDC-42A3-9474-1A3956D46DE8}") = "ReadDatabaseSynchronizer", "ReadDatabaseSynchronizer", "{5364BF41-CA1F-4D5C-B87B-58E45316736C}"
EndProject
Project("{FAE04EC0-301F-11D3-BF4B-00C04F79EFBC}") = "NewsAggregator.ReadDatabaseSynchronizer", "ReadDatabaseSynchronizer\NewsAggregator.ReadDatabaseSynchronizer\NewsAggregator.ReadDatabaseSynchronizer.csproj", "{7F53EF84-481F-40BF-8D7A-5D40EE15AD40}"
EndProject
Global
	GlobalSection(SolutionConfigurationPlatforms) = preSolution
		Debug|Any CPU = Debug|Any CPU
		Release|Any CPU = Release|Any CPU
	EndGlobalSection
	GlobalSection(ProjectConfigurationPlatforms) = postSolution
		{A266BCE4-D450-462A-8176-9F40FAA5AE9F}.Debug|Any CPU.ActiveCfg = Debug|Any CPU
		{A266BCE4-D450-462A-8176-9F40FAA5AE9F}.Debug|Any CPU.Build.0 = Debug|Any CPU
		{A266BCE4-D450-462A-8176-9F40FAA5AE9F}.Release|Any CPU.ActiveCfg = Release|Any CPU
		{A266BCE4-D450-462A-8176-9F40FAA5AE9F}.Release|Any CPU.Build.0 = Release|Any CPU
		{21AAD534-8106-4A4E-8EC4-593CF354D87C}.Debug|Any CPU.ActiveCfg = Debug|Any CPU
		{21AAD534-8106-4A4E-8EC4-593CF354D87C}.Debug|Any CPU.Build.0 = Debug|Any CPU
		{21AAD534-8106-4A4E-8EC4-593CF354D87C}.Release|Any CPU.ActiveCfg = Release|Any CPU
		{21AAD534-8106-4A4E-8EC4-593CF354D87C}.Release|Any CPU.Build.0 = Release|Any CPU
		{A765D43A-1293-4322-8586-1E6F853CD818}.Debug|Any CPU.ActiveCfg = Debug|Any CPU
		{A765D43A-1293-4322-8586-1E6F853CD818}.Debug|Any CPU.Build.0 = Debug|Any CPU
		{A765D43A-1293-4322-8586-1E6F853CD818}.Release|Any CPU.ActiveCfg = Release|Any CPU
		{A765D43A-1293-4322-8586-1E6F853CD818}.Release|Any CPU.Build.0 = Release|Any CPU
		{E1729118-86AA-4368-8EF9-117B8F2A141B}.Debug|Any CPU.ActiveCfg = Debug|Any CPU
		{E1729118-86AA-4368-8EF9-117B8F2A141B}.Debug|Any CPU.Build.0 = Debug|Any CPU
		{E1729118-86AA-4368-8EF9-117B8F2A141B}.Release|Any CPU.ActiveCfg = Release|Any CPU
		{E1729118-86AA-4368-8EF9-117B8F2A141B}.Release|Any CPU.Build.0 = Release|Any CPU
		{DC9B45F7-D2E2-4D17-A78A-0A2C4CE1EFA9}.Debug|Any CPU.ActiveCfg = Debug|Any CPU
		{DC9B45F7-D2E2-4D17-A78A-0A2C4CE1EFA9}.Debug|Any CPU.Build.0 = Debug|Any CPU
		{DC9B45F7-D2E2-4D17-A78A-0A2C4CE1EFA9}.Release|Any CPU.ActiveCfg = Release|Any CPU
		{DC9B45F7-D2E2-4D17-A78A-0A2C4CE1EFA9}.Release|Any CPU.Build.0 = Release|Any CPU
		{7F53EF84-481F-40BF-8D7A-5D40EE15AD40}.Debug|Any CPU.ActiveCfg = Debug|Any CPU
		{7F53EF84-481F-40BF-8D7A-5D40EE15AD40}.Debug|Any CPU.Build.0 = Debug|Any CPU
		{7F53EF84-481F-40BF-8D7A-5D40EE15AD40}.Release|Any CPU.ActiveCfg = Release|Any CPU
		{7F53EF84-481F-40BF-8D7A-5D40EE15AD40}.Release|Any CPU.Build.0 = Release|Any CPU
	EndGlobalSection
	GlobalSection(SolutionProperties) = preSolution
		HideSolutionNode = FALSE
	EndGlobalSection
	GlobalSection(NestedProjects) = preSolution
		{A266BCE4-D450-462A-8176-9F40FAA5AE9F} = {768CBA79-C202-4BF7-A515-0D2E08C5A051}
		{21AAD534-8106-4A4E-8EC4-593CF354D87C} = {768CBA79-C202-4BF7-A515-0D2E08C5A051}
		{A765D43A-1293-4322-8586-1E6F853CD818} = {768CBA79-C202-4BF7-A515-0D2E08C5A051}
		{E1729118-86AA-4368-8EF9-117B8F2A141B} = {768CBA79-C202-4BF7-A515-0D2E08C5A051}
		{DC9B45F7-D2E2-4D17-A78A-0A2C4CE1EFA9} = {768CBA79-C202-4BF7-A515-0D2E08C5A051}
		{7F53EF84-481F-40BF-8D7A-5D40EE15AD40} = {5364BF41-CA1F-4D5C-B87B-58E45316736C}
	EndGlobalSection
	GlobalSection(ExtensibilityGlobals) = postSolution
		SolutionGuid = {4B56ACA9-E22E-44E6-9319-99F16930E4F7}
	EndGlobalSection
EndGlobal
