
Microsoft Visual Studio Solution File, Format Version 12.00
# Visual Studio Version 16
VisualStudioVersion = 16.0.29709.97
MinimumVisualStudioVersion = 10.0.40219.1
Project("{2150E333-8FDC-42A3-9474-1A3956D46DE8}") = "_Solution Items", "_Solution Items", "{A3D52629-86DB-473C-A4A0-545E524A911F}"
	ProjectSection(SolutionItems) = preProject
		..\appveyor.yml = ..\appveyor.yml
		..\LICENSE.md = ..\LICENSE.md
		..\publish.ps1 = ..\publish.ps1
		..\README.md = ..\README.md
		..\todo.md = ..\todo.md
	EndProjectSection
EndProject
Project("{9A19103F-16F7-4668-BE54-9A1E7A4F7556}") = "Sociomedia.FeedAggregator", "Sociomedia.FeedAggregator\Sociomedia.FeedAggregator.csproj", "{EAD40527-517E-4F49-8A41-3D9A6EBD20E9}"
EndProject
Project("{9A19103F-16F7-4668-BE54-9A1E7A4F7556}") = "Sociomedia.Front", "Sociomedia.Front\Sociomedia.Front.csproj", "{39C7E297-73AE-4078-B010-CA67081F3080}"
EndProject
Project("{9A19103F-16F7-4668-BE54-9A1E7A4F7556}") = "Sociomedia.ProjectionSynchronizer", "Sociomedia.ProjectionSynchronizer\Sociomedia.ProjectionSynchronizer.csproj", "{E57A382D-797E-4DC1-939A-8307D05897C3}"
EndProject
Project("{9A19103F-16F7-4668-BE54-9A1E7A4F7556}") = "Sociomedia.ProjectionSynchronizer.Tests", "Sociomedia.ProjectionSynchronizer.Tests\Sociomedia.ProjectionSynchronizer.Tests.csproj", "{1DC58B0B-141E-450A-82A9-E63303B6363C}"
EndProject
Project("{9A19103F-16F7-4668-BE54-9A1E7A4F7556}") = "Sociomedia.ReadModel.DataAccess", "Sociomedia.ReadModel.DataAccess\Sociomedia.ReadModel.DataAccess.csproj", "{CD1EC808-3531-4FA4-AFB3-4C0C65E65CB0}"
EndProject
Project("{9A19103F-16F7-4668-BE54-9A1E7A4F7556}") = "Sociomedia.Themes.Tests", "Sociomedia.Tests\Sociomedia.Themes.Tests.csproj", "{91226281-ED7A-4AF4-B72F-EA35D003D6A4}"
EndProject
Project("{2150E333-8FDC-42A3-9474-1A3956D46DE8}") = "BC", "BC", "{B14306E4-B860-4D50-865A-8C04164973AF}"
EndProject
Project("{2150E333-8FDC-42A3-9474-1A3956D46DE8}") = "Projections", "Projections", "{2678B7A2-E32F-43B8-8E30-586BC5A3CA2B}"
EndProject
Project("{9A19103F-16F7-4668-BE54-9A1E7A4F7556}") = "Sociomedia.Themes.Domain", "Sociomedia.Themes\Sociomedia.Themes.Domain.csproj", "{4C95A1E6-4515-41BC-B5C8-607C9179D995}"
EndProject
Project("{2150E333-8FDC-42A3-9474-1A3956D46DE8}") = "_Base", "_Base", "{583C2FDE-B1FD-41A7-B20D-F9237F365C1B}"
EndProject
Project("{9A19103F-16F7-4668-BE54-9A1E7A4F7556}") = "Sociomedia.Articles.Domain", "Sociomedia.Articles.Domain\Sociomedia.Articles.Domain.csproj", "{C2DD62D3-2B5A-4D2E-ACF2-F9A88058F840}"
EndProject
Project("{2150E333-8FDC-42A3-9474-1A3956D46DE8}") = "ARTICLES", "ARTICLES", "{C83B53DD-DF10-46E8-8B83-7EDC2EDC51B8}"
EndProject
Project("{9A19103F-16F7-4668-BE54-9A1E7A4F7556}") = "Sociomedia.Articles.Infrastructure", "Sociomedia.Articles.Infrastructure\Sociomedia.Articles.Infrastructure.csproj", "{F40A4715-ACC6-4988-B744-08D9C1B20E5B}"
EndProject
Project("{9A19103F-16F7-4668-BE54-9A1E7A4F7556}") = "Sociomedia.Articles.Tests", "Sociomedia.Articles.Tests\Sociomedia.Articles.Tests.csproj", "{F4D9FA5B-3DD4-4D92-8729-E58A1EA8E60A}"
EndProject
Project("{2150E333-8FDC-42A3-9474-1A3956D46DE8}") = "MEDIAS", "MEDIAS", "{68132BB5-583C-413E-A5DE-CF69D6D0EAED}"
EndProject
Project("{9A19103F-16F7-4668-BE54-9A1E7A4F7556}") = "Sociomedia.Medias.Domain", "Sociomedia.Medias.Domain\Sociomedia.Medias.Domain.csproj", "{7EA8D7AA-0E1E-4B2F-95EA-4C5AAA1DDE17}"
EndProject
Project("{9A19103F-16F7-4668-BE54-9A1E7A4F7556}") = "Sociomedia.Medias.Tests", "Sociomedia.Medias.Tests\Sociomedia.Medias.Tests.csproj", "{768B6065-633B-44FF-AB1A-E7917915D3CE}"
EndProject
Project("{2150E333-8FDC-42A3-9474-1A3956D46DE8}") = "THEMES", "THEMES", "{3201B74D-41C3-4F26-A000-982900B34036}"
EndProject
Project("{9A19103F-16F7-4668-BE54-9A1E7A4F7556}") = "Sociomedia.Medias.Infrastructure", "Sociomedia.Medias.Infrastructure\Sociomedia.Medias.Infrastructure.csproj", "{9CADFCB8-A6AB-4F3A-988B-C87269B3F485}"
EndProject
Project("{9A19103F-16F7-4668-BE54-9A1E7A4F7556}") = "Sociomedia.Articles.Application", "Sociomedia.Articles.Application\Sociomedia.Articles.Application.csproj", "{EDFE7F88-F754-4AA8-A843-EAE5B44A886A}"
EndProject
Project("{9A19103F-16F7-4668-BE54-9A1E7A4F7556}") = "Sociomedia.Medias.Application", "Sociomedia.Medias.Application\Sociomedia.Medias.Application.csproj", "{8D109AF4-AA47-41BD-B8C5-2A46EB6F5BC6}"
EndProject
Project("{9A19103F-16F7-4668-BE54-9A1E7A4F7556}") = "Sociomedia.Core", "Sociomedia.Core\Sociomedia.Core.csproj", "{FD729AE1-DB35-4F03-92D0-B2625972FAFA}"
EndProject
Project("{9A19103F-16F7-4668-BE54-9A1E7A4F7556}") = "Sociomedia.FeedAggregator.Tests", "Sociomedia.FeedAggregator.Tests\Sociomedia.FeedAggregator.Tests.csproj", "{CFDC9982-B99C-4F78-A6BF-028F1D9DD5B6}"
EndProject
Project("{9A19103F-16F7-4668-BE54-9A1E7A4F7556}") = "Sociomedia.Themes.Application", "Sociomedia.Themes.Application\Sociomedia.Themes.Application.csproj", "{A8E10842-68F4-4742-A48B-04262E73B6A9}"
EndProject
Project("{9A19103F-16F7-4668-BE54-9A1E7A4F7556}") = "Sociomedia.Themes.Infrastructure", "Sociomedia.Themes.Infrastructure\Sociomedia.Themes.Infrastructure.csproj", "{5BCBC270-29EE-4E35-821F-3DC13B07CDC5}"
EndProject
Project("{FAE04EC0-301F-11D3-BF4B-00C04F79EFBC}") = "Sociomedia.ThemeCalculator", "Sociomedia.ThemeCalculator\Sociomedia.ThemeCalculator.csproj", "{E4C04596-AA8F-441D-870D-020F24DC75EF}"
EndProject
Global
	GlobalSection(SolutionConfigurationPlatforms) = preSolution
		Debug|Any CPU = Debug|Any CPU
		Release|Any CPU = Release|Any CPU
	EndGlobalSection
	GlobalSection(ProjectConfigurationPlatforms) = postSolution
		{EAD40527-517E-4F49-8A41-3D9A6EBD20E9}.Debug|Any CPU.ActiveCfg = Debug|Any CPU
		{EAD40527-517E-4F49-8A41-3D9A6EBD20E9}.Debug|Any CPU.Build.0 = Debug|Any CPU
		{EAD40527-517E-4F49-8A41-3D9A6EBD20E9}.Release|Any CPU.ActiveCfg = Release|Any CPU
		{EAD40527-517E-4F49-8A41-3D9A6EBD20E9}.Release|Any CPU.Build.0 = Release|Any CPU
		{39C7E297-73AE-4078-B010-CA67081F3080}.Debug|Any CPU.ActiveCfg = Debug|Any CPU
		{39C7E297-73AE-4078-B010-CA67081F3080}.Debug|Any CPU.Build.0 = Debug|Any CPU
		{39C7E297-73AE-4078-B010-CA67081F3080}.Release|Any CPU.ActiveCfg = Release|Any CPU
		{39C7E297-73AE-4078-B010-CA67081F3080}.Release|Any CPU.Build.0 = Release|Any CPU
		{E57A382D-797E-4DC1-939A-8307D05897C3}.Debug|Any CPU.ActiveCfg = Debug|Any CPU
		{E57A382D-797E-4DC1-939A-8307D05897C3}.Debug|Any CPU.Build.0 = Debug|Any CPU
		{E57A382D-797E-4DC1-939A-8307D05897C3}.Release|Any CPU.ActiveCfg = Release|Any CPU
		{E57A382D-797E-4DC1-939A-8307D05897C3}.Release|Any CPU.Build.0 = Release|Any CPU
		{1DC58B0B-141E-450A-82A9-E63303B6363C}.Debug|Any CPU.ActiveCfg = Debug|Any CPU
		{1DC58B0B-141E-450A-82A9-E63303B6363C}.Debug|Any CPU.Build.0 = Debug|Any CPU
		{1DC58B0B-141E-450A-82A9-E63303B6363C}.Release|Any CPU.ActiveCfg = Release|Any CPU
		{1DC58B0B-141E-450A-82A9-E63303B6363C}.Release|Any CPU.Build.0 = Release|Any CPU
		{CD1EC808-3531-4FA4-AFB3-4C0C65E65CB0}.Debug|Any CPU.ActiveCfg = Debug|Any CPU
		{CD1EC808-3531-4FA4-AFB3-4C0C65E65CB0}.Debug|Any CPU.Build.0 = Debug|Any CPU
		{CD1EC808-3531-4FA4-AFB3-4C0C65E65CB0}.Release|Any CPU.ActiveCfg = Release|Any CPU
		{CD1EC808-3531-4FA4-AFB3-4C0C65E65CB0}.Release|Any CPU.Build.0 = Release|Any CPU
		{91226281-ED7A-4AF4-B72F-EA35D003D6A4}.Debug|Any CPU.ActiveCfg = Debug|Any CPU
		{91226281-ED7A-4AF4-B72F-EA35D003D6A4}.Debug|Any CPU.Build.0 = Debug|Any CPU
		{91226281-ED7A-4AF4-B72F-EA35D003D6A4}.Release|Any CPU.ActiveCfg = Release|Any CPU
		{91226281-ED7A-4AF4-B72F-EA35D003D6A4}.Release|Any CPU.Build.0 = Release|Any CPU
		{4C95A1E6-4515-41BC-B5C8-607C9179D995}.Debug|Any CPU.ActiveCfg = Debug|Any CPU
		{4C95A1E6-4515-41BC-B5C8-607C9179D995}.Debug|Any CPU.Build.0 = Debug|Any CPU
		{4C95A1E6-4515-41BC-B5C8-607C9179D995}.Release|Any CPU.ActiveCfg = Release|Any CPU
		{4C95A1E6-4515-41BC-B5C8-607C9179D995}.Release|Any CPU.Build.0 = Release|Any CPU
		{C2DD62D3-2B5A-4D2E-ACF2-F9A88058F840}.Debug|Any CPU.ActiveCfg = Debug|Any CPU
		{C2DD62D3-2B5A-4D2E-ACF2-F9A88058F840}.Debug|Any CPU.Build.0 = Debug|Any CPU
		{C2DD62D3-2B5A-4D2E-ACF2-F9A88058F840}.Release|Any CPU.ActiveCfg = Release|Any CPU
		{C2DD62D3-2B5A-4D2E-ACF2-F9A88058F840}.Release|Any CPU.Build.0 = Release|Any CPU
		{F40A4715-ACC6-4988-B744-08D9C1B20E5B}.Debug|Any CPU.ActiveCfg = Debug|Any CPU
		{F40A4715-ACC6-4988-B744-08D9C1B20E5B}.Debug|Any CPU.Build.0 = Debug|Any CPU
		{F40A4715-ACC6-4988-B744-08D9C1B20E5B}.Release|Any CPU.ActiveCfg = Release|Any CPU
		{F40A4715-ACC6-4988-B744-08D9C1B20E5B}.Release|Any CPU.Build.0 = Release|Any CPU
		{F4D9FA5B-3DD4-4D92-8729-E58A1EA8E60A}.Debug|Any CPU.ActiveCfg = Debug|Any CPU
		{F4D9FA5B-3DD4-4D92-8729-E58A1EA8E60A}.Debug|Any CPU.Build.0 = Debug|Any CPU
		{F4D9FA5B-3DD4-4D92-8729-E58A1EA8E60A}.Release|Any CPU.ActiveCfg = Release|Any CPU
		{F4D9FA5B-3DD4-4D92-8729-E58A1EA8E60A}.Release|Any CPU.Build.0 = Release|Any CPU
		{7EA8D7AA-0E1E-4B2F-95EA-4C5AAA1DDE17}.Debug|Any CPU.ActiveCfg = Debug|Any CPU
		{7EA8D7AA-0E1E-4B2F-95EA-4C5AAA1DDE17}.Debug|Any CPU.Build.0 = Debug|Any CPU
		{7EA8D7AA-0E1E-4B2F-95EA-4C5AAA1DDE17}.Release|Any CPU.ActiveCfg = Release|Any CPU
		{7EA8D7AA-0E1E-4B2F-95EA-4C5AAA1DDE17}.Release|Any CPU.Build.0 = Release|Any CPU
		{768B6065-633B-44FF-AB1A-E7917915D3CE}.Debug|Any CPU.ActiveCfg = Debug|Any CPU
		{768B6065-633B-44FF-AB1A-E7917915D3CE}.Debug|Any CPU.Build.0 = Debug|Any CPU
		{768B6065-633B-44FF-AB1A-E7917915D3CE}.Release|Any CPU.ActiveCfg = Release|Any CPU
		{768B6065-633B-44FF-AB1A-E7917915D3CE}.Release|Any CPU.Build.0 = Release|Any CPU
		{9CADFCB8-A6AB-4F3A-988B-C87269B3F485}.Debug|Any CPU.ActiveCfg = Debug|Any CPU
		{9CADFCB8-A6AB-4F3A-988B-C87269B3F485}.Debug|Any CPU.Build.0 = Debug|Any CPU
		{9CADFCB8-A6AB-4F3A-988B-C87269B3F485}.Release|Any CPU.ActiveCfg = Release|Any CPU
		{9CADFCB8-A6AB-4F3A-988B-C87269B3F485}.Release|Any CPU.Build.0 = Release|Any CPU
		{EDFE7F88-F754-4AA8-A843-EAE5B44A886A}.Debug|Any CPU.ActiveCfg = Debug|Any CPU
		{EDFE7F88-F754-4AA8-A843-EAE5B44A886A}.Debug|Any CPU.Build.0 = Debug|Any CPU
		{EDFE7F88-F754-4AA8-A843-EAE5B44A886A}.Release|Any CPU.ActiveCfg = Release|Any CPU
		{EDFE7F88-F754-4AA8-A843-EAE5B44A886A}.Release|Any CPU.Build.0 = Release|Any CPU
		{8D109AF4-AA47-41BD-B8C5-2A46EB6F5BC6}.Debug|Any CPU.ActiveCfg = Debug|Any CPU
		{8D109AF4-AA47-41BD-B8C5-2A46EB6F5BC6}.Debug|Any CPU.Build.0 = Debug|Any CPU
		{8D109AF4-AA47-41BD-B8C5-2A46EB6F5BC6}.Release|Any CPU.ActiveCfg = Release|Any CPU
		{8D109AF4-AA47-41BD-B8C5-2A46EB6F5BC6}.Release|Any CPU.Build.0 = Release|Any CPU
		{FD729AE1-DB35-4F03-92D0-B2625972FAFA}.Debug|Any CPU.ActiveCfg = Debug|Any CPU
		{FD729AE1-DB35-4F03-92D0-B2625972FAFA}.Debug|Any CPU.Build.0 = Debug|Any CPU
		{FD729AE1-DB35-4F03-92D0-B2625972FAFA}.Release|Any CPU.ActiveCfg = Release|Any CPU
		{FD729AE1-DB35-4F03-92D0-B2625972FAFA}.Release|Any CPU.Build.0 = Release|Any CPU
		{CFDC9982-B99C-4F78-A6BF-028F1D9DD5B6}.Debug|Any CPU.ActiveCfg = Debug|Any CPU
		{CFDC9982-B99C-4F78-A6BF-028F1D9DD5B6}.Debug|Any CPU.Build.0 = Debug|Any CPU
		{CFDC9982-B99C-4F78-A6BF-028F1D9DD5B6}.Release|Any CPU.ActiveCfg = Release|Any CPU
		{CFDC9982-B99C-4F78-A6BF-028F1D9DD5B6}.Release|Any CPU.Build.0 = Release|Any CPU
		{A8E10842-68F4-4742-A48B-04262E73B6A9}.Debug|Any CPU.ActiveCfg = Debug|Any CPU
		{A8E10842-68F4-4742-A48B-04262E73B6A9}.Debug|Any CPU.Build.0 = Debug|Any CPU
		{A8E10842-68F4-4742-A48B-04262E73B6A9}.Release|Any CPU.ActiveCfg = Release|Any CPU
		{A8E10842-68F4-4742-A48B-04262E73B6A9}.Release|Any CPU.Build.0 = Release|Any CPU
		{5BCBC270-29EE-4E35-821F-3DC13B07CDC5}.Debug|Any CPU.ActiveCfg = Debug|Any CPU
		{5BCBC270-29EE-4E35-821F-3DC13B07CDC5}.Debug|Any CPU.Build.0 = Debug|Any CPU
		{5BCBC270-29EE-4E35-821F-3DC13B07CDC5}.Release|Any CPU.ActiveCfg = Release|Any CPU
		{5BCBC270-29EE-4E35-821F-3DC13B07CDC5}.Release|Any CPU.Build.0 = Release|Any CPU
		{E4C04596-AA8F-441D-870D-020F24DC75EF}.Debug|Any CPU.ActiveCfg = Debug|Any CPU
		{E4C04596-AA8F-441D-870D-020F24DC75EF}.Debug|Any CPU.Build.0 = Debug|Any CPU
		{E4C04596-AA8F-441D-870D-020F24DC75EF}.Release|Any CPU.ActiveCfg = Release|Any CPU
		{E4C04596-AA8F-441D-870D-020F24DC75EF}.Release|Any CPU.Build.0 = Release|Any CPU
	EndGlobalSection
	GlobalSection(SolutionProperties) = preSolution
		HideSolutionNode = FALSE
	EndGlobalSection
	GlobalSection(NestedProjects) = preSolution
		{CD1EC808-3531-4FA4-AFB3-4C0C65E65CB0} = {2678B7A2-E32F-43B8-8E30-586BC5A3CA2B}
		{91226281-ED7A-4AF4-B72F-EA35D003D6A4} = {3201B74D-41C3-4F26-A000-982900B34036}
		{4C95A1E6-4515-41BC-B5C8-607C9179D995} = {3201B74D-41C3-4F26-A000-982900B34036}
		{583C2FDE-B1FD-41A7-B20D-F9237F365C1B} = {B14306E4-B860-4D50-865A-8C04164973AF}
		{C2DD62D3-2B5A-4D2E-ACF2-F9A88058F840} = {C83B53DD-DF10-46E8-8B83-7EDC2EDC51B8}
		{C83B53DD-DF10-46E8-8B83-7EDC2EDC51B8} = {B14306E4-B860-4D50-865A-8C04164973AF}
		{F40A4715-ACC6-4988-B744-08D9C1B20E5B} = {C83B53DD-DF10-46E8-8B83-7EDC2EDC51B8}
		{F4D9FA5B-3DD4-4D92-8729-E58A1EA8E60A} = {C83B53DD-DF10-46E8-8B83-7EDC2EDC51B8}
		{68132BB5-583C-413E-A5DE-CF69D6D0EAED} = {B14306E4-B860-4D50-865A-8C04164973AF}
		{7EA8D7AA-0E1E-4B2F-95EA-4C5AAA1DDE17} = {68132BB5-583C-413E-A5DE-CF69D6D0EAED}
		{768B6065-633B-44FF-AB1A-E7917915D3CE} = {68132BB5-583C-413E-A5DE-CF69D6D0EAED}
		{3201B74D-41C3-4F26-A000-982900B34036} = {B14306E4-B860-4D50-865A-8C04164973AF}
		{9CADFCB8-A6AB-4F3A-988B-C87269B3F485} = {68132BB5-583C-413E-A5DE-CF69D6D0EAED}
		{EDFE7F88-F754-4AA8-A843-EAE5B44A886A} = {C83B53DD-DF10-46E8-8B83-7EDC2EDC51B8}
		{8D109AF4-AA47-41BD-B8C5-2A46EB6F5BC6} = {68132BB5-583C-413E-A5DE-CF69D6D0EAED}
		{FD729AE1-DB35-4F03-92D0-B2625972FAFA} = {583C2FDE-B1FD-41A7-B20D-F9237F365C1B}
		{A8E10842-68F4-4742-A48B-04262E73B6A9} = {3201B74D-41C3-4F26-A000-982900B34036}
		{5BCBC270-29EE-4E35-821F-3DC13B07CDC5} = {3201B74D-41C3-4F26-A000-982900B34036}
	EndGlobalSection
	GlobalSection(ExtensibilityGlobals) = postSolution
		SolutionGuid = {4B56ACA9-E22E-44E6-9319-99F16930E4F7}
	EndGlobalSection
EndGlobal
